{
  "requires": true,
  "lockfileVersion": 1,
  "dependencies": {
    "@fortawesome/fontawesome-free": {
      "version": "5.1.0",
      "resolved": "https://registry.npmjs.org/@fortawesome/fontawesome-free/-/fontawesome-free-5.1.0.tgz",
      "integrity": "sha512-0XHj3cIq7OiG2v79UldqDHLFndLXxq0hbNTvsi7zDbLXiBtMkX+exuVUX466cajlSV8rkLiwa7GhTcMIKR1ajQ=="
    },
    "concept-js": {
      "version": "1.3.8",
      "resolved": "https://registry.npmjs.org/concept-js/-/concept-js-1.3.8.tgz",
      "integrity": "sha512-drVL2Mu+P0vwINMwE5yYiY1SEnNKuzkHZzyk39yzpJKW+FlqWtqwKFI3qQEpsgCM8Vbst7qKXFOSZyR4jYG9/Q=="
    },
    "summernote": {
      "version": "0.8.2",
      "resolved": "https://registry.npmjs.org/summernote/-/summernote-0.8.2.tgz",
      "integrity": "sha1-W+e7xW6NuDw4BPotyMRuUGHPt70="
    }
  }
}
