{
  "requires": true,
  "lockfileVersion": 1,
  "dependencies": {
    "@fortawesome/fontawesome-free": {
      "version": "5.1.0",
      "resolved": "https://registry.npmjs.org/@fortawesome/fontawesome-free/-/fontawesome-free-5.1.0.tgz",
      "integrity": "sha512-0XHj3cIq7OiG2v79UldqDHLFndLXxq0hbNTvsi7zDbLXiBtMkX+exuVUX466cajlSV8rkLiwa7GhTcMIKR1ajQ=="
    },
    "concept-js": {
      "version": "1.2.1",
      "resolved": "https://registry.npmjs.org/concept-js/-/concept-js-1.2.0.tgz",
      "integrity": "sha512-HoSfS6p1hbiMWWVkjBchv+Jn+jMjVGBuIR9XeZDTtpKafXjaDhE8zD4sNU6VMl+vYA7VXXzQ8die2KkLFEtlPQ=="
    },
    "summernote": {
      "version": "0.8.2",
      "resolved": "https://registry.npmjs.org/summernote/-/summernote-0.8.2.tgz",
      "integrity": "sha1-W+e7xW6NuDw4BPotyMRuUGHPt70="
    }
  }
}
